// !$*UTF8*$!
{
	archiveVersion = 1;
	classes = {
	};
	objectVersion = 56;
	objects = {

/* Begin PBXBuildFile section */
		2B15BFA12B05456A001F01DC /* Fungible_TokenApp.swift in Sources */ = {isa = PBXBuildFile; fileRef = 2B15BFA02B05456A001F01DC /* Fungible_TokenApp.swift */; };
		2B15BFA32B05456A001F01DC /* MainView.swift in Sources */ = {isa = PBXBuildFile; fileRef = 2B15BFA22B05456A001F01DC /* MainView.swift */; };
		2B15BFA92B05456B001F01DC /* Preview Assets.xcassets in Resources */ = {isa = PBXBuildFile; fileRef = 2B15BFA82B05456B001F01DC /* Preview Assets.xcassets */; };
		2B15BFB02B054B68001F01DC /* Assets.xcassets in Resources */ = {isa = PBXBuildFile; fileRef = 2B15BFAF2B054B68001F01DC /* Assets.xcassets */; };
		2B15BFB62B054BB4001F01DC /* RouterView.swift in Sources */ = {isa = PBXBuildFile; fileRef = 2B15BFB32B054BB4001F01DC /* RouterView.swift */; };
		2B15BFB72B054BB4001F01DC /* SignInView.swift in Sources */ = {isa = PBXBuildFile; fileRef = 2B15BFB42B054BB4001F01DC /* SignInView.swift */; };
		2B15BFBA2B054BF0001F01DC /* CachedAsyncImage in Frameworks */ = {isa = PBXBuildFile; productRef = 2B15BFB92B054BF0001F01DC /* CachedAsyncImage */; };
		2B15BFBD2B054C2C001F01DC /* FCL in Frameworks */ = {isa = PBXBuildFile; productRef = 2B15BFBC2B054C2C001F01DC /* FCL */; };
		2B15BFC42B054C79001F01DC /* Scripts.swift in Sources */ = {isa = PBXBuildFile; fileRef = 2B15BFC22B054C79001F01DC /* Scripts.swift */; };
		2B15BFC52B054C79001F01DC /* Transactions.swift in Sources */ = {isa = PBXBuildFile; fileRef = 2B15BFC32B054C79001F01DC /* Transactions.swift */; };
		2B15BFC92B054D75001F01DC /* ErrorView.swift in Sources */ = {isa = PBXBuildFile; fileRef = 2B15BFC82B054D75001F01DC /* ErrorView.swift */; };
		2B15BFCD2B0553E5001F01DC /* Assets.xcassets in Resources */ = {isa = PBXBuildFile; fileRef = 2B15BFCC2B0553E5001F01DC /* Assets.xcassets */; };
		2B2251E62B05B21A00FBB5B7 /* ecDAO in Frameworks */ = {isa = PBXBuildFile; productRef = 2B2251E52B05B21A00FBB5B7 /* ecDAO */; };
		2B32E7192B0DB978003747EC /* ecDAO in Frameworks */ = {isa = PBXBuildFile; productRef = 2B32E7182B0DB978003747EC /* ecDAO */; };
		2B59DFEA2B0C221A00866BBC /* CodeView.swift in Sources */ = {isa = PBXBuildFile; fileRef = 2B59DFE92B0C221A00866BBC /* CodeView.swift */; };
/* End PBXBuildFile section */

/* Begin PBXFileReference section */
		2B15BF9D2B05456A001F01DC /* Fungible Token.app */ = {isa = PBXFileReference; explicitFileType = wrapper.application; includeInIndex = 0; path = "Fungible Token.app"; sourceTree = BUILT_PRODUCTS_DIR; };
		2B15BFA02B05456A001F01DC /* Fungible_TokenApp.swift */ = {isa = PBXFileReference; lastKnownFileType = sourcecode.swift; path = Fungible_TokenApp.swift; sourceTree = "<group>"; };
		2B15BFA22B05456A001F01DC /* MainView.swift */ = {isa = PBXFileReference; lastKnownFileType = sourcecode.swift; path = MainView.swift; sourceTree = "<group>"; };
		2B15BFA62B05456B001F01DC /* Fungible_Token.entitlements */ = {isa = PBXFileReference; lastKnownFileType = text.plist.entitlements; path = Fungible_Token.entitlements; sourceTree = "<group>"; };
		2B15BFA82B05456B001F01DC /* Preview Assets.xcassets */ = {isa = PBXFileReference; lastKnownFileType = folder.assetcatalog; path = "Preview Assets.xcassets"; sourceTree = "<group>"; };
		2B15BFAF2B054B68001F01DC /* Assets.xcassets */ = {isa = PBXFileReference; lastKnownFileType = folder.assetcatalog; path = Assets.xcassets; sourceTree = "<group>"; };
		2B15BFB32B054BB4001F01DC /* RouterView.swift */ = {isa = PBXFileReference; fileEncoding = 4; lastKnownFileType = sourcecode.swift; path = RouterView.swift; sourceTree = "<group>"; };
		2B15BFB42B054BB4001F01DC /* SignInView.swift */ = {isa = PBXFileReference; fileEncoding = 4; lastKnownFileType = sourcecode.swift; path = SignInView.swift; sourceTree = "<group>"; };
		2B15BFC22B054C79001F01DC /* Scripts.swift */ = {isa = PBXFileReference; fileEncoding = 4; lastKnownFileType = sourcecode.swift; path = Scripts.swift; sourceTree = "<group>"; };
		2B15BFC32B054C79001F01DC /* Transactions.swift */ = {isa = PBXFileReference; fileEncoding = 4; lastKnownFileType = sourcecode.swift; path = Transactions.swift; sourceTree = "<group>"; };
		2B15BFC82B054D75001F01DC /* ErrorView.swift */ = {isa = PBXFileReference; fileEncoding = 4; lastKnownFileType = sourcecode.swift; path = ErrorView.swift; sourceTree = "<group>"; };
		2B15BFCC2B0553E5001F01DC /* Assets.xcassets */ = {isa = PBXFileReference; lastKnownFileType = folder.assetcatalog; path = Assets.xcassets; sourceTree = "<group>"; };
		2B59DFE92B0C221A00866BBC /* CodeView.swift */ = {isa = PBXFileReference; lastKnownFileType = sourcecode.swift; path = CodeView.swift; sourceTree = "<group>"; };
/* End PBXFileReference section */

/* Begin PBXFrameworksBuildPhase section */
		2B15BF9A2B05456A001F01DC /* Frameworks */ = {
			isa = PBXFrameworksBuildPhase;
			buildActionMask = 2147483647;
			files = (
				2B15BFBD2B054C2C001F01DC /* FCL in Frameworks */,
				2B32E7192B0DB978003747EC /* ecDAO in Frameworks */,
				2B2251E62B05B21A00FBB5B7 /* ecDAO in Frameworks */,
				2B15BFBA2B054BF0001F01DC /* CachedAsyncImage in Frameworks */,
			);
			runOnlyForDeploymentPostprocessing = 0;
		};
/* End PBXFrameworksBuildPhase section */

/* Begin PBXGroup section */
		2B15BF942B05456A001F01DC = {
			isa = PBXGroup;
			children = (
				2B15BF9F2B05456A001F01DC /* Fungible Token */,
				2B15BF9E2B05456A001F01DC /* Products */,
			);
			sourceTree = "<group>";
		};
		2B15BF9E2B05456A001F01DC /* Products */ = {
			isa = PBXGroup;
			children = (
				2B15BF9D2B05456A001F01DC /* Fungible Token.app */,
			);
			name = Products;
			sourceTree = "<group>";
		};
		2B15BF9F2B05456A001F01DC /* Fungible Token */ = {
			isa = PBXGroup;
			children = (
				2B15BFC12B054C6D001F01DC /* Cadence */,
				2B15BFB12B054B7A001F01DC /* Views */,
				2B15BFA02B05456A001F01DC /* Fungible_TokenApp.swift */,
				2B15BFCC2B0553E5001F01DC /* Assets.xcassets */,
				2B15BFA62B05456B001F01DC /* Fungible_Token.entitlements */,
				2B15BFA72B05456B001F01DC /* Preview Content */,
			);
			path = "Fungible Token";
			sourceTree = "<group>";
		};
		2B15BFA72B05456B001F01DC /* Preview Content */ = {
			isa = PBXGroup;
			children = (
				2B15BFAF2B054B68001F01DC /* Assets.xcassets */,
				2B15BFA82B05456B001F01DC /* Preview Assets.xcassets */,
			);
			path = "Preview Content";
			sourceTree = "<group>";
		};
		2B15BFB12B054B7A001F01DC /* Views */ = {
			isa = PBXGroup;
			children = (
				2B15BFC82B054D75001F01DC /* ErrorView.swift */,
				2B15BFB32B054BB4001F01DC /* RouterView.swift */,
				2B15BFB42B054BB4001F01DC /* SignInView.swift */,
				2B15BFA22B05456A001F01DC /* MainView.swift */,
				2B59DFE92B0C221A00866BBC /* CodeView.swift */,
			);
			path = Views;
			sourceTree = "<group>";
		};
		2B15BFC12B054C6D001F01DC /* Cadence */ = {
			isa = PBXGroup;
			children = (
				2B15BFC22B054C79001F01DC /* Scripts.swift */,
				2B15BFC32B054C79001F01DC /* Transactions.swift */,
			);
			path = Cadence;
			sourceTree = "<group>";
		};
/* End PBXGroup section */

/* Begin PBXNativeTarget section */
		2B15BF9C2B05456A001F01DC /* Fungible Token */ = {
			isa = PBXNativeTarget;
			buildConfigurationList = 2B15BFAC2B05456B001F01DC /* Build configuration list for PBXNativeTarget "Fungible Token" */;
			buildPhases = (
				2B15BF992B05456A001F01DC /* Sources */,
				2B15BF9A2B05456A001F01DC /* Frameworks */,
				2B15BF9B2B05456A001F01DC /* Resources */,
			);
			buildRules = (
			);
			dependencies = (
			);
			name = "Fungible Token";
			packageProductDependencies = (
				2B15BFB92B054BF0001F01DC /* CachedAsyncImage */,
				2B15BFBC2B054C2C001F01DC /* FCL */,
				2B2251E52B05B21A00FBB5B7 /* ecDAO */,
				2B32E7182B0DB978003747EC /* ecDAO */,
			);
			productName = "Fungible Token";
			productReference = 2B15BF9D2B05456A001F01DC /* Fungible Token.app */;
			productType = "com.apple.product-type.application";
		};
/* End PBXNativeTarget section */

/* Begin PBXProject section */
		2B15BF952B05456A001F01DC /* Project object */ = {
			isa = PBXProject;
			attributes = {
				BuildIndependentTargetsInParallel = 1;
				LastSwiftUpdateCheck = 1500;
				LastUpgradeCheck = 1500;
				TargetAttributes = {
					2B15BF9C2B05456A001F01DC = {
						CreatedOnToolsVersion = 15.0;
					};
				};
			};
			buildConfigurationList = 2B15BF982B05456A001F01DC /* Build configuration list for PBXProject "Fungible Token" */;
			compatibilityVersion = "Xcode 14.0";
			developmentRegion = en;
			hasScannedForEncodings = 0;
			knownRegions = (
				en,
				Base,
			);
			mainGroup = 2B15BF942B05456A001F01DC;
			packageReferences = (
				2B15BFB82B054BF0001F01DC /* XCRemoteSwiftPackageReference "swiftui-cached-async-image" */,
				2B15BFBB2B054C2C001F01DC /* XCRemoteSwiftPackageReference "fcl-swift" */,
				2B32E7172B0DB978003747EC /* XCRemoteSwiftPackageReference "Emerald-City-DAO-Component-Library" */,
			);
			productRefGroup = 2B15BF9E2B05456A001F01DC /* Products */;
			projectDirPath = "";
			projectRoot = "";
			targets = (
				2B15BF9C2B05456A001F01DC /* Fungible Token */,
			);
		};
/* End PBXProject section */

/* Begin PBXResourcesBuildPhase section */
		2B15BF9B2B05456A001F01DC /* Resources */ = {
			isa = PBXResourcesBuildPhase;
			buildActionMask = 2147483647;
			files = (
				2B15BFB02B054B68001F01DC /* Assets.xcassets in Resources */,
				2B15BFCD2B0553E5001F01DC /* Assets.xcassets in Resources */,
				2B15BFA92B05456B001F01DC /* Preview Assets.xcassets in Resources */,
			);
			runOnlyForDeploymentPostprocessing = 0;
		};
/* End PBXResourcesBuildPhase section */

/* Begin PBXSourcesBuildPhase section */
		2B15BF992B05456A001F01DC /* Sources */ = {
			isa = PBXSourcesBuildPhase;
			buildActionMask = 2147483647;
			files = (
				2B15BFC42B054C79001F01DC /* Scripts.swift in Sources */,
				2B15BFA32B05456A001F01DC /* MainView.swift in Sources */,
				2B15BFC52B054C79001F01DC /* Transactions.swift in Sources */,
				2B15BFA12B05456A001F01DC /* Fungible_TokenApp.swift in Sources */,
				2B15BFB62B054BB4001F01DC /* RouterView.swift in Sources */,
				2B15BFB72B054BB4001F01DC /* SignInView.swift in Sources */,
				2B15BFC92B054D75001F01DC /* ErrorView.swift in Sources */,
				2B59DFEA2B0C221A00866BBC /* CodeView.swift in Sources */,
			);
			runOnlyForDeploymentPostprocessing = 0;
		};
/* End PBXSourcesBuildPhase section */

/* Begin XCBuildConfiguration section */
		2B15BFAA2B05456B001F01DC /* Debug */ = {
			isa = XCBuildConfiguration;
			buildSettings = {
				ALWAYS_SEARCH_USER_PATHS = NO;
				ASSETCATALOG_COMPILER_GENERATE_SWIFT_ASSET_SYMBOL_EXTENSIONS = YES;
				CLANG_ANALYZER_NONNULL = YES;
				CLANG_ANALYZER_NUMBER_OBJECT_CONVERSION = YES_AGGRESSIVE;
				CLANG_CXX_LANGUAGE_STANDARD = "gnu++20";
				CLANG_ENABLE_MODULES = YES;
				CLANG_ENABLE_OBJC_ARC = YES;
				CLANG_ENABLE_OBJC_WEAK = YES;
				CLANG_WARN_BLOCK_CAPTURE_AUTORELEASING = YES;
				CLANG_WARN_BOOL_CONVERSION = YES;
				CLANG_WARN_COMMA = YES;
				CLANG_WARN_CONSTANT_CONVERSION = YES;
				CLANG_WARN_DEPRECATED_OBJC_IMPLEMENTATIONS = YES;
				CLANG_WARN_DIRECT_OBJC_ISA_USAGE = YES_ERROR;
				CLANG_WARN_DOCUMENTATION_COMMENTS = YES;
				CLANG_WARN_EMPTY_BODY = YES;
				CLANG_WARN_ENUM_CONVERSION = YES;
				CLANG_WARN_INFINITE_RECURSION = YES;
				CLANG_WARN_INT_CONVERSION = YES;
				CLANG_WARN_NON_LITERAL_NULL_CONVERSION = YES;
				CLANG_WARN_OBJC_IMPLICIT_RETAIN_SELF = YES;
				CLANG_WARN_OBJC_LITERAL_CONVERSION = YES;
				CLANG_WARN_OBJC_ROOT_CLASS = YES_ERROR;
				CLANG_WARN_QUOTED_INCLUDE_IN_FRAMEWORK_HEADER = YES;
				CLANG_WARN_RANGE_LOOP_ANALYSIS = YES;
				CLANG_WARN_STRICT_PROTOTYPES = YES;
				CLANG_WARN_SUSPICIOUS_MOVE = YES;
				CLANG_WARN_UNGUARDED_AVAILABILITY = YES_AGGRESSIVE;
				CLANG_WARN_UNREACHABLE_CODE = YES;
				CLANG_WARN__DUPLICATE_METHOD_MATCH = YES;
				COPY_PHASE_STRIP = NO;
				DEBUG_INFORMATION_FORMAT = dwarf;
				ENABLE_STRICT_OBJC_MSGSEND = YES;
				ENABLE_TESTABILITY = YES;
				ENABLE_USER_SCRIPT_SANDBOXING = YES;
				GCC_C_LANGUAGE_STANDARD = gnu17;
				GCC_DYNAMIC_NO_PIC = NO;
				GCC_NO_COMMON_BLOCKS = YES;
				GCC_OPTIMIZATION_LEVEL = 0;
				GCC_PREPROCESSOR_DEFINITIONS = (
					"DEBUG=1",
					"$(inherited)",
				);
				GCC_WARN_64_TO_32_BIT_CONVERSION = YES;
				GCC_WARN_ABOUT_RETURN_TYPE = YES_ERROR;
				GCC_WARN_UNDECLARED_SELECTOR = YES;
				GCC_WARN_UNINITIALIZED_AUTOS = YES_AGGRESSIVE;
				GCC_WARN_UNUSED_FUNCTION = YES;
				GCC_WARN_UNUSED_VARIABLE = YES;
				LOCALIZATION_PREFERS_STRING_CATALOGS = YES;
				MTL_ENABLE_DEBUG_INFO = INCLUDE_SOURCE;
				MTL_FAST_MATH = YES;
				ONLY_ACTIVE_ARCH = YES;
				SWIFT_ACTIVE_COMPILATION_CONDITIONS = "DEBUG $(inherited)";
				SWIFT_OPTIMIZATION_LEVEL = "-Onone";
			};
			name = Debug;
		};
		2B15BFAB2B05456B001F01DC /* Release */ = {
			isa = XCBuildConfiguration;
			buildSettings = {
				ALWAYS_SEARCH_USER_PATHS = NO;
				ASSETCATALOG_COMPILER_GENERATE_SWIFT_ASSET_SYMBOL_EXTENSIONS = YES;
				CLANG_ANALYZER_NONNULL = YES;
				CLANG_ANALYZER_NUMBER_OBJECT_CONVERSION = YES_AGGRESSIVE;
				CLANG_CXX_LANGUAGE_STANDARD = "gnu++20";
				CLANG_ENABLE_MODULES = YES;
				CLANG_ENABLE_OBJC_ARC = YES;
				CLANG_ENABLE_OBJC_WEAK = YES;
				CLANG_WARN_BLOCK_CAPTURE_AUTORELEASING = YES;
				CLANG_WARN_BOOL_CONVERSION = YES;
				CLANG_WARN_COMMA = YES;
				CLANG_WARN_CONSTANT_CONVERSION = YES;
				CLANG_WARN_DEPRECATED_OBJC_IMPLEMENTATIONS = YES;
				CLANG_WARN_DIRECT_OBJC_ISA_USAGE = YES_ERROR;
				CLANG_WARN_DOCUMENTATION_COMMENTS = YES;
				CLANG_WARN_EMPTY_BODY = YES;
				CLANG_WARN_ENUM_CONVERSION = YES;
				CLANG_WARN_INFINITE_RECURSION = YES;
				CLANG_WARN_INT_CONVERSION = YES;
				CLANG_WARN_NON_LITERAL_NULL_CONVERSION = YES;
				CLANG_WARN_OBJC_IMPLICIT_RETAIN_SELF = YES;
				CLANG_WARN_OBJC_LITERAL_CONVERSION = YES;
				CLANG_WARN_OBJC_ROOT_CLASS = YES_ERROR;
				CLANG_WARN_QUOTED_INCLUDE_IN_FRAMEWORK_HEADER = YES;
				CLANG_WARN_RANGE_LOOP_ANALYSIS = YES;
				CLANG_WARN_STRICT_PROTOTYPES = YES;
				CLANG_WARN_SUSPICIOUS_MOVE = YES;
				CLANG_WARN_UNGUARDED_AVAILABILITY = YES_AGGRESSIVE;
				CLANG_WARN_UNREACHABLE_CODE = YES;
				CLANG_WARN__DUPLICATE_METHOD_MATCH = YES;
				COPY_PHASE_STRIP = NO;
				DEBUG_INFORMATION_FORMAT = "dwarf-with-dsym";
				ENABLE_NS_ASSERTIONS = NO;
				ENABLE_STRICT_OBJC_MSGSEND = YES;
				ENABLE_USER_SCRIPT_SANDBOXING = YES;
				GCC_C_LANGUAGE_STANDARD = gnu17;
				GCC_NO_COMMON_BLOCKS = YES;
				GCC_WARN_64_TO_32_BIT_CONVERSION = YES;
				GCC_WARN_ABOUT_RETURN_TYPE = YES_ERROR;
				GCC_WARN_UNDECLARED_SELECTOR = YES;
				GCC_WARN_UNINITIALIZED_AUTOS = YES_AGGRESSIVE;
				GCC_WARN_UNUSED_FUNCTION = YES;
				GCC_WARN_UNUSED_VARIABLE = YES;
				LOCALIZATION_PREFERS_STRING_CATALOGS = YES;
				MTL_ENABLE_DEBUG_INFO = NO;
				MTL_FAST_MATH = YES;
				SWIFT_COMPILATION_MODE = wholemodule;
			};
			name = Release;
		};
		2B15BFAD2B05456B001F01DC /* Debug */ = {
			isa = XCBuildConfiguration;
			buildSettings = {
				ASSETCATALOG_COMPILER_APPICON_NAME = AppIcon;
				ASSETCATALOG_COMPILER_GLOBAL_ACCENT_COLOR_NAME = AccentColor;
				CODE_SIGN_ENTITLEMENTS = "Fungible Token/Fungible_Token.entitlements";
				CODE_SIGN_STYLE = Automatic;
				CURRENT_PROJECT_VERSION = 1;
				DEVELOPMENT_ASSET_PATHS = "\"Fungible Token/Preview Content\"";
				DEVELOPMENT_TEAM = Q67CC4F7S9;
				ENABLE_HARDENED_RUNTIME = YES;
				ENABLE_PREVIEWS = YES;
				GENERATE_INFOPLIST_FILE = YES;
				"INFOPLIST_KEY_UIApplicationSceneManifest_Generation[sdk=iphoneos*]" = YES;
				"INFOPLIST_KEY_UIApplicationSceneManifest_Generation[sdk=iphonesimulator*]" = YES;
				"INFOPLIST_KEY_UIApplicationSupportsIndirectInputEvents[sdk=iphoneos*]" = YES;
				"INFOPLIST_KEY_UIApplicationSupportsIndirectInputEvents[sdk=iphonesimulator*]" = YES;
				"INFOPLIST_KEY_UILaunchScreen_Generation[sdk=iphoneos*]" = YES;
				"INFOPLIST_KEY_UILaunchScreen_Generation[sdk=iphonesimulator*]" = YES;
				INFOPLIST_KEY_UIStatusBarStyle = "";
				"INFOPLIST_KEY_UIStatusBarStyle[sdk=iphoneos*]" = UIStatusBarStyleDefault;
				"INFOPLIST_KEY_UIStatusBarStyle[sdk=iphonesimulator*]" = UIStatusBarStyleDefault;
				INFOPLIST_KEY_UISupportedInterfaceOrientations = "UIInterfaceOrientationLandscapeLeft UIInterfaceOrientationLandscapeRight UIInterfaceOrientationPortrait";
				INFOPLIST_KEY_UISupportedInterfaceOrientations_iPad = "UIInterfaceOrientationLandscapeLeft UIInterfaceOrientationLandscapeRight UIInterfaceOrientationPortrait UIInterfaceOrientationPortraitUpsideDown";
				IPHONEOS_DEPLOYMENT_TARGET = 17.0;
				LD_RUNPATH_SEARCH_PATHS = "@executable_path/Frameworks";
				"LD_RUNPATH_SEARCH_PATHS[sdk=macosx*]" = "@executable_path/../Frameworks";
				MACOSX_DEPLOYMENT_TARGET = 14.0;
				MARKETING_VERSION = 1.0;
				PRODUCT_BUNDLE_IDENTIFIER = "codes.ella.Fungible-Token";
				PRODUCT_NAME = "$(TARGET_NAME)";
				SDKROOT = auto;
				SUPPORTED_PLATFORMS = "iphoneos iphonesimulator";
				SUPPORTS_MACCATALYST = NO;
				SWIFT_EMIT_LOC_STRINGS = YES;
				SWIFT_VERSION = 5.0;
				TARGETED_DEVICE_FAMILY = 1;
			};
			name = Debug;
		};
		2B15BFAE2B05456B001F01DC /* Release */ = {
			isa = XCBuildConfiguration;
			buildSettings = {
				ASSETCATALOG_COMPILER_APPICON_NAME = AppIcon;
				ASSETCATALOG_COMPILER_GLOBAL_ACCENT_COLOR_NAME = AccentColor;
				CODE_SIGN_ENTITLEMENTS = "Fungible Token/Fungible_Token.entitlements";
				CODE_SIGN_STYLE = Automatic;
				CURRENT_PROJECT_VERSION = 1;
				DEVELOPMENT_ASSET_PATHS = "\"Fungible Token/Preview Content\"";
				DEVELOPMENT_TEAM = Q67CC4F7S9;
				ENABLE_HARDENED_RUNTIME = YES;
				ENABLE_PREVIEWS = YES;
				GENERATE_INFOPLIST_FILE = YES;
				"INFOPLIST_KEY_UIApplicationSceneManifest_Generation[sdk=iphoneos*]" = YES;
				"INFOPLIST_KEY_UIApplicationSceneManifest_Generation[sdk=iphonesimulator*]" = YES;
				"INFOPLIST_KEY_UIApplicationSupportsIndirectInputEvents[sdk=iphoneos*]" = YES;
				"INFOPLIST_KEY_UIApplicationSupportsIndirectInputEvents[sdk=iphonesimulator*]" = YES;
				"INFOPLIST_KEY_UILaunchScreen_Generation[sdk=iphoneos*]" = YES;
				"INFOPLIST_KEY_UILaunchScreen_Generation[sdk=iphonesimulator*]" = YES;
				INFOPLIST_KEY_UIStatusBarStyle = "";
				"INFOPLIST_KEY_UIStatusBarStyle[sdk=iphoneos*]" = UIStatusBarStyleDefault;
				"INFOPLIST_KEY_UIStatusBarStyle[sdk=iphonesimulator*]" = UIStatusBarStyleDefault;
				INFOPLIST_KEY_UISupportedInterfaceOrientations = "UIInterfaceOrientationLandscapeLeft UIInterfaceOrientationLandscapeRight UIInterfaceOrientationPortrait";
				INFOPLIST_KEY_UISupportedInterfaceOrientations_iPad = "UIInterfaceOrientationLandscapeLeft UIInterfaceOrientationLandscapeRight UIInterfaceOrientationPortrait UIInterfaceOrientationPortraitUpsideDown";
				IPHONEOS_DEPLOYMENT_TARGET = 17.0;
				LD_RUNPATH_SEARCH_PATHS = "@executable_path/Frameworks";
				"LD_RUNPATH_SEARCH_PATHS[sdk=macosx*]" = "@executable_path/../Frameworks";
				MACOSX_DEPLOYMENT_TARGET = 14.0;
				MARKETING_VERSION = 1.0;
				PRODUCT_BUNDLE_IDENTIFIER = "codes.ella.Fungible-Token";
				PRODUCT_NAME = "$(TARGET_NAME)";
				SDKROOT = auto;
				SUPPORTED_PLATFORMS = "iphoneos iphonesimulator";
				SUPPORTS_MACCATALYST = NO;
				SWIFT_EMIT_LOC_STRINGS = YES;
				SWIFT_VERSION = 5.0;
				TARGETED_DEVICE_FAMILY = 1;
			};
			name = Release;
		};
/* End XCBuildConfiguration section */

/* Begin XCConfigurationList section */
		2B15BF982B05456A001F01DC /* Build configuration list for PBXProject "Fungible Token" */ = {
			isa = XCConfigurationList;
			buildConfigurations = (
				2B15BFAA2B05456B001F01DC /* Debug */,
				2B15BFAB2B05456B001F01DC /* Release */,
			);
			defaultConfigurationIsVisible = 0;
			defaultConfigurationName = Release;
		};
		2B15BFAC2B05456B001F01DC /* Build configuration list for PBXNativeTarget "Fungible Token" */ = {
			isa = XCConfigurationList;
			buildConfigurations = (
				2B15BFAD2B05456B001F01DC /* Debug */,
				2B15BFAE2B05456B001F01DC /* Release */,
			);
			defaultConfigurationIsVisible = 0;
			defaultConfigurationName = Release;
		};
/* End XCConfigurationList section */

/* Begin XCRemoteSwiftPackageReference section */
		2B15BFB82B054BF0001F01DC /* XCRemoteSwiftPackageReference "swiftui-cached-async-image" */ = {
			isa = XCRemoteSwiftPackageReference;
			repositoryURL = "https://github.com/lorenzofiamingo/swiftui-cached-async-image";
			requirement = {
				kind = upToNextMajorVersion;
				minimumVersion = 2.1.1;
			};
		};
		2B15BFBB2B054C2C001F01DC /* XCRemoteSwiftPackageReference "fcl-swift" */ = {
			isa = XCRemoteSwiftPackageReference;
			repositoryURL = "https://github.com/Outblock/fcl-swift";
			requirement = {
				kind = upToNextMajorVersion;
				minimumVersion = 0.1.2;
			};
		};
		2B32E7172B0DB978003747EC /* XCRemoteSwiftPackageReference "Emerald-City-DAO-Component-Library" */ = {
			isa = XCRemoteSwiftPackageReference;
			repositoryURL = "https://github.com/Forge4Flow/Emerald-City-DAO-Component-Library";
			requirement = {
				kind = upToNextMajorVersion;
				minimumVersion = 0.1.0;
			};
		};
/* End XCRemoteSwiftPackageReference section */

/* Begin XCSwiftPackageProductDependency section */
		2B15BFB92B054BF0001F01DC /* CachedAsyncImage */ = {
			isa = XCSwiftPackageProductDependency;
			package = 2B15BFB82B054BF0001F01DC /* XCRemoteSwiftPackageReference "swiftui-cached-async-image" */;
			productName = CachedAsyncImage;
		};
		2B15BFBC2B054C2C001F01DC /* FCL */ = {
			isa = XCSwiftPackageProductDependency;
			package = 2B15BFBB2B054C2C001F01DC /* XCRemoteSwiftPackageReference "fcl-swift" */;
			productName = FCL;
		};
		2B2251E52B05B21A00FBB5B7 /* ecDAO */ = {
			isa = XCSwiftPackageProductDependency;
			productName = ecDAO;
		};
		2B32E7182B0DB978003747EC /* ecDAO */ = {
			isa = XCSwiftPackageProductDependency;
			package = 2B32E7172B0DB978003747EC /* XCRemoteSwiftPackageReference "Emerald-City-DAO-Component-Library" */;
			productName = ecDAO;
		};
/* End XCSwiftPackageProductDependency section */
	};
	rootObject = 2B15BF952B05456A001F01DC /* Project object */;
}
